
Microsoft Visual Studio Solution File, Format Version 12.00
# Visual Studio Version 16
VisualStudioVersion = 16.0.32228.343
MinimumVisualStudioVersion = 10.0.40219.1
Project("{FAE04EC0-301F-11D3-BF4B-00C04F79EFBC}") = "WindowsFormsApp1", "WindowsFormsApp1\WindowsFormsApp1.csproj", "{6BB60EB0-58DA-4492-B929-DA124D492B54}"
EndProject
Global
	GlobalSection(SolutionConfigurationPlatforms) = preSolution
		Debug|Any CPU = Debug|Any CPU
		Release|Any CPU = Release|Any CPU
	EndGlobalSection
	GlobalSection(ProjectConfigurationPlatforms) = postSolution
		{6BB60EB0-58DA-4492-B929-DA124D492B54}.Debug|Any CPU.ActiveCfg = Debug|Any CPU
		{6BB60EB0-58DA-4492-B929-DA124D492B54}.Debug|Any CPU.Build.0 = Debug|Any CPU
		{6BB60EB0-58DA-4492-B929-DA124D492B54}.Release|Any CPU.ActiveCfg = Release|Any CPU
		{6BB60EB0-58DA-4492-B929-DA124D492B54}.Release|Any CPU.Build.0 = Release|Any CPU
	EndGlobalSection
	GlobalSection(SolutionProperties) = preSolution
		HideSolutionNode = FALSE
	EndGlobalSection
	GlobalSection(ExtensibilityGlobals) = postSolution
		SolutionGuid = {C9E83DBF-E339-4871-8F5F-65930B5861F3}
	EndGlobalSection
EndGlobal
